
Microsoft Visual Studio Solution File, Format Version 12.00
# Visual Studio Version 16
VisualStudioVersion = 16.0.30517.126
MinimumVisualStudioVersion = 10.0.40219.1
Project("{FAE04EC0-301F-11D3-BF4B-00C04F79EFBC}") = "RandomNumberGenerators", "RandomNumberGenerators\RandomNumberGenerators.csproj", "{7DFCC7DB-AE05-493F-9DD6-A5429556E17E}"
EndProject
Project("{FAE04EC0-301F-11D3-BF4B-00C04F79EFBC}") = "TäringuMäng", "TäringuMäng\TäringuMäng.csproj", "{12F44859-A3D3-4B4D-ADB7-4C3C63C2DAC3}"
EndProject
Project("{FAE04EC0-301F-11D3-BF4B-00C04F79EFBC}") = "KiviPaberKääärid", "KiviPaberKääärid\KiviPaberKääärid.csproj", "{14A2D5ED-C593-49BE-B944-9CFD5130DA02}"
EndProject
Global
	GlobalSection(SolutionConfigurationPlatforms) = preSolution
		Debug|Any CPU = Debug|Any CPU
		Release|Any CPU = Release|Any CPU
	EndGlobalSection
	GlobalSection(ProjectConfigurationPlatforms) = postSolution
		{7DFCC7DB-AE05-493F-9DD6-A5429556E17E}.Debug|Any CPU.ActiveCfg = Debug|Any CPU
		{7DFCC7DB-AE05-493F-9DD6-A5429556E17E}.Debug|Any CPU.Build.0 = Debug|Any CPU
		{7DFCC7DB-AE05-493F-9DD6-A5429556E17E}.Release|Any CPU.ActiveCfg = Release|Any CPU
		{7DFCC7DB-AE05-493F-9DD6-A5429556E17E}.Release|Any CPU.Build.0 = Release|Any CPU
		{12F44859-A3D3-4B4D-ADB7-4C3C63C2DAC3}.Debug|Any CPU.ActiveCfg = Debug|Any CPU
		{12F44859-A3D3-4B4D-ADB7-4C3C63C2DAC3}.Debug|Any CPU.Build.0 = Debug|Any CPU
		{12F44859-A3D3-4B4D-ADB7-4C3C63C2DAC3}.Release|Any CPU.ActiveCfg = Release|Any CPU
		{12F44859-A3D3-4B4D-ADB7-4C3C63C2DAC3}.Release|Any CPU.Build.0 = Release|Any CPU
		{14A2D5ED-C593-49BE-B944-9CFD5130DA02}.Debug|Any CPU.ActiveCfg = Debug|Any CPU
		{14A2D5ED-C593-49BE-B944-9CFD5130DA02}.Debug|Any CPU.Build.0 = Debug|Any CPU
		{14A2D5ED-C593-49BE-B944-9CFD5130DA02}.Release|Any CPU.ActiveCfg = Release|Any CPU
		{14A2D5ED-C593-49BE-B944-9CFD5130DA02}.Release|Any CPU.Build.0 = Release|Any CPU
	EndGlobalSection
	GlobalSection(SolutionProperties) = preSolution
		HideSolutionNode = FALSE
	EndGlobalSection
	GlobalSection(ExtensibilityGlobals) = postSolution
		SolutionGuid = {B9E6F8DC-3356-4A4B-85DF-902B3C83E966}
	EndGlobalSection
EndGlobal
